// !$*UTF8*$!
{
	archiveVersion = 1;
	classes = {
	};
	objectVersion = 51;
	objects = {

/* Begin PBXBuildFile section */
		0B0AD85A2726FAC400A4CD98 /* SMLagamuwa_CoBScComp201p_007App.swift in Sources */ = {isa = PBXBuildFile; fileRef = 0B0AD8592726FAC400A4CD98 /* SMLagamuwa_CoBScComp201p_007App.swift */; };
		0B0AD85C2726FAC400A4CD98 /* ContentView.swift in Sources */ = {isa = PBXBuildFile; fileRef = 0B0AD85B2726FAC400A4CD98 /* ContentView.swift */; };
		0B0AD85E2726FAC600A4CD98 /* Assets.xcassets in Resources */ = {isa = PBXBuildFile; fileRef = 0B0AD85D2726FAC600A4CD98 /* Assets.xcassets */; };
		0B0AD8612726FAC600A4CD98 /* Preview Assets.xcassets in Resources */ = {isa = PBXBuildFile; fileRef = 0B0AD8602726FAC600A4CD98 /* Preview Assets.xcassets */; };
		0B0AD86C2726FAC600A4CD98 /* SMLagamuwa_CoBScComp201p_007Tests.swift in Sources */ = {isa = PBXBuildFile; fileRef = 0B0AD86B2726FAC600A4CD98 /* SMLagamuwa_CoBScComp201p_007Tests.swift */; };
		0B0AD8772726FAC600A4CD98 /* SMLagamuwa_CoBScComp201p_007UITests.swift in Sources */ = {isa = PBXBuildFile; fileRef = 0B0AD8762726FAC600A4CD98 /* SMLagamuwa_CoBScComp201p_007UITests.swift */; };
		0B98649D272710C30040FF1B /* GoogleService-Info.plist in Resources */ = {isa = PBXBuildFile; fileRef = 0B98649C272710C30040FF1B /* GoogleService-Info.plist */; };
		334108A827363757007823A1 /* SignInView.swift in Sources */ = {isa = PBXBuildFile; fileRef = 334108A727363757007823A1 /* SignInView.swift */; };
		334108AA27364493007823A1 /* GreenLineTextView.swift in Sources */ = {isa = PBXBuildFile; fileRef = 334108A927364493007823A1 /* GreenLineTextView.swift */; };
		334108AC27364521007823A1 /* InputGreenLineStyle.swift in Sources */ = {isa = PBXBuildFile; fileRef = 334108AB27364521007823A1 /* InputGreenLineStyle.swift */; };
		337177FB2733B09600AD629B /* SlotUnitView.swift in Sources */ = {isa = PBXBuildFile; fileRef = 337177FA2733B09600AD629B /* SlotUnitView.swift */; };
		3379901A272A9A65009B34B7 /* LaunchScreen.storyboard in Resources */ = {isa = PBXBuildFile; fileRef = 33799019272A9A65009B34B7 /* LaunchScreen.storyboard */; };
		33AC40392736BC4800B8F6A2 /* DefaultButtonTextView.swift in Sources */ = {isa = PBXBuildFile; fileRef = 33AC40382736BC4800B8F6A2 /* DefaultButtonTextView.swift */; };
		33AC403B2736C7D600B8F6A2 /* BookingPageView.swift in Sources */ = {isa = PBXBuildFile; fileRef = 33AC403A2736C7D600B8F6A2 /* BookingPageView.swift */; };
		33F241E72734346A0000678A /* AvailableSlotsView.swift in Sources */ = {isa = PBXBuildFile; fileRef = 33F241E62734346A0000678A /* AvailableSlotsView.swift */; };
		33F241EB2734351E0000678A /* SlotUnitStruct.swift in Sources */ = {isa = PBXBuildFile; fileRef = 33F241EA2734351E0000678A /* SlotUnitStruct.swift */; };
		33F241ED2734356C0000678A /* AvailableSlotsViewModel.swift in Sources */ = {isa = PBXBuildFile; fileRef = 33F241EC2734356C0000678A /* AvailableSlotsViewModel.swift */; };
		33F2D9E3272D7F2D006B49DB /* Data.swift in Sources */ = {isa = PBXBuildFile; fileRef = 33F2D9E2272D7F2D006B49DB /* Data.swift */; };
		50554520A38850255BBAFCB0 /* Pods_SMLagamuwa_CoBScComp201p_007Tests.framework in Frameworks */ = {isa = PBXBuildFile; fileRef = F13F0CA14079CCBA73210B41 /* Pods_SMLagamuwa_CoBScComp201p_007Tests.framework */; };
		D61D986F211FAFBF4ACF4498 /* Pods_SMLagamuwa_CoBScComp201p_007_SMLagamuwa_CoBScComp201p_007UITests.framework in Frameworks */ = {isa = PBXBuildFile; fileRef = E209A71A23088B0E211AAE87 /* Pods_SMLagamuwa_CoBScComp201p_007_SMLagamuwa_CoBScComp201p_007UITests.framework */; };
		E999FF70252701B9DD364FDF /* Pods_SMLagamuwa_CoBScComp201p_007.framework in Frameworks */ = {isa = PBXBuildFile; fileRef = 269BDE1530F1DF90C3546FA9 /* Pods_SMLagamuwa_CoBScComp201p_007.framework */; };
/* End PBXBuildFile section */

/* Begin PBXContainerItemProxy section */
		0B0AD8682726FAC600A4CD98 /* PBXContainerItemProxy */ = {
			isa = PBXContainerItemProxy;
			containerPortal = 0B0AD84E2726FAC400A4CD98 /* Project object */;
			proxyType = 1;
			remoteGlobalIDString = 0B0AD8552726FAC400A4CD98;
			remoteInfo = "SMLagamuwa-CoBScComp201p-007";
		};
		0B0AD8732726FAC600A4CD98 /* PBXContainerItemProxy */ = {
			isa = PBXContainerItemProxy;
			containerPortal = 0B0AD84E2726FAC400A4CD98 /* Project object */;
			proxyType = 1;
			remoteGlobalIDString = 0B0AD8552726FAC400A4CD98;
			remoteInfo = "SMLagamuwa-CoBScComp201p-007";
		};
/* End PBXContainerItemProxy section */

/* Begin PBXFileReference section */
		0B0AD8562726FAC400A4CD98 /* SMLagamuwa-CoBScComp201p-007.app */ = {isa = PBXFileReference; explicitFileType = wrapper.application; includeInIndex = 0; path = "SMLagamuwa-CoBScComp201p-007.app"; sourceTree = BUILT_PRODUCTS_DIR; };
		0B0AD8592726FAC400A4CD98 /* SMLagamuwa_CoBScComp201p_007App.swift */ = {isa = PBXFileReference; lastKnownFileType = sourcecode.swift; path = SMLagamuwa_CoBScComp201p_007App.swift; sourceTree = "<group>"; };
		0B0AD85B2726FAC400A4CD98 /* ContentView.swift */ = {isa = PBXFileReference; lastKnownFileType = sourcecode.swift; path = ContentView.swift; sourceTree = "<group>"; };
		0B0AD85D2726FAC600A4CD98 /* Assets.xcassets */ = {isa = PBXFileReference; lastKnownFileType = folder.assetcatalog; path = Assets.xcassets; sourceTree = "<group>"; };
		0B0AD8602726FAC600A4CD98 /* Preview Assets.xcassets */ = {isa = PBXFileReference; lastKnownFileType = folder.assetcatalog; path = "Preview Assets.xcassets"; sourceTree = "<group>"; };
		0B0AD8622726FAC600A4CD98 /* Info.plist */ = {isa = PBXFileReference; lastKnownFileType = text.plist.xml; path = Info.plist; sourceTree = "<group>"; };
		0B0AD8672726FAC600A4CD98 /* SMLagamuwa-CoBScComp201p-007Tests.xctest */ = {isa = PBXFileReference; explicitFileType = wrapper.cfbundle; includeInIndex = 0; path = "SMLagamuwa-CoBScComp201p-007Tests.xctest"; sourceTree = BUILT_PRODUCTS_DIR; };
		0B0AD86B2726FAC600A4CD98 /* SMLagamuwa_CoBScComp201p_007Tests.swift */ = {isa = PBXFileReference; lastKnownFileType = sourcecode.swift; path = SMLagamuwa_CoBScComp201p_007Tests.swift; sourceTree = "<group>"; };
		0B0AD86D2726FAC600A4CD98 /* Info.plist */ = {isa = PBXFileReference; lastKnownFileType = text.plist.xml; path = Info.plist; sourceTree = "<group>"; };
		0B0AD8722726FAC600A4CD98 /* SMLagamuwa-CoBScComp201p-007UITests.xctest */ = {isa = PBXFileReference; explicitFileType = wrapper.cfbundle; includeInIndex = 0; path = "SMLagamuwa-CoBScComp201p-007UITests.xctest"; sourceTree = BUILT_PRODUCTS_DIR; };
		0B0AD8762726FAC600A4CD98 /* SMLagamuwa_CoBScComp201p_007UITests.swift */ = {isa = PBXFileReference; lastKnownFileType = sourcecode.swift; path = SMLagamuwa_CoBScComp201p_007UITests.swift; sourceTree = "<group>"; };
		0B0AD8782726FAC600A4CD98 /* Info.plist */ = {isa = PBXFileReference; lastKnownFileType = text.plist.xml; path = Info.plist; sourceTree = "<group>"; };
		0B98649C272710C30040FF1B /* GoogleService-Info.plist */ = {isa = PBXFileReference; fileEncoding = 4; lastKnownFileType = text.plist.xml; path = "GoogleService-Info.plist"; sourceTree = "<group>"; };
		269BDE1530F1DF90C3546FA9 /* Pods_SMLagamuwa_CoBScComp201p_007.framework */ = {isa = PBXFileReference; explicitFileType = wrapper.framework; includeInIndex = 0; path = Pods_SMLagamuwa_CoBScComp201p_007.framework; sourceTree = BUILT_PRODUCTS_DIR; };
		334108A727363757007823A1 /* SignInView.swift */ = {isa = PBXFileReference; lastKnownFileType = sourcecode.swift; path = SignInView.swift; sourceTree = "<group>"; };
		334108A927364493007823A1 /* GreenLineTextView.swift */ = {isa = PBXFileReference; lastKnownFileType = sourcecode.swift; path = GreenLineTextView.swift; sourceTree = "<group>"; };
		334108AB27364521007823A1 /* InputGreenLineStyle.swift */ = {isa = PBXFileReference; lastKnownFileType = sourcecode.swift; path = InputGreenLineStyle.swift; sourceTree = "<group>"; };
		337177FA2733B09600AD629B /* SlotUnitView.swift */ = {isa = PBXFileReference; fileEncoding = 4; lastKnownFileType = sourcecode.swift; path = SlotUnitView.swift; sourceTree = "<group>"; };
		33799019272A9A65009B34B7 /* LaunchScreen.storyboard */ = {isa = PBXFileReference; lastKnownFileType = file.storyboard; path = LaunchScreen.storyboard; sourceTree = "<group>"; };
		33AC40382736BC4800B8F6A2 /* DefaultButtonTextView.swift */ = {isa = PBXFileReference; lastKnownFileType = sourcecode.swift; path = DefaultButtonTextView.swift; sourceTree = "<group>"; };
		33AC403A2736C7D600B8F6A2 /* BookingPageView.swift */ = {isa = PBXFileReference; lastKnownFileType = sourcecode.swift; path = BookingPageView.swift; sourceTree = "<group>"; };
		33F241E62734346A0000678A /* AvailableSlotsView.swift */ = {isa = PBXFileReference; fileEncoding = 4; lastKnownFileType = sourcecode.swift; path = AvailableSlotsView.swift; sourceTree = "<group>"; };
		33F241EA2734351E0000678A /* SlotUnitStruct.swift */ = {isa = PBXFileReference; fileEncoding = 4; lastKnownFileType = sourcecode.swift; path = SlotUnitStruct.swift; sourceTree = "<group>"; };
		33F241EC2734356C0000678A /* AvailableSlotsViewModel.swift */ = {isa = PBXFileReference; fileEncoding = 4; lastKnownFileType = sourcecode.swift; path = AvailableSlotsViewModel.swift; sourceTree = "<group>"; };
		33F2D9E2272D7F2D006B49DB /* Data.swift */ = {isa = PBXFileReference; lastKnownFileType = sourcecode.swift; path = Data.swift; sourceTree = "<group>"; };
		4318EE8BDD538BBBF1F12751 /* Pods-SMLagamuwa-CoBScComp201p-007Tests.release.xcconfig */ = {isa = PBXFileReference; includeInIndex = 1; lastKnownFileType = text.xcconfig; name = "Pods-SMLagamuwa-CoBScComp201p-007Tests.release.xcconfig"; path = "Target Support Files/Pods-SMLagamuwa-CoBScComp201p-007Tests/Pods-SMLagamuwa-CoBScComp201p-007Tests.release.xcconfig"; sourceTree = "<group>"; };
		9190196ED61078A5EA771158 /* Pods-SMLagamuwa-CoBScComp201p-007Tests.debug.xcconfig */ = {isa = PBXFileReference; includeInIndex = 1; lastKnownFileType = text.xcconfig; name = "Pods-SMLagamuwa-CoBScComp201p-007Tests.debug.xcconfig"; path = "Target Support Files/Pods-SMLagamuwa-CoBScComp201p-007Tests/Pods-SMLagamuwa-CoBScComp201p-007Tests.debug.xcconfig"; sourceTree = "<group>"; };
		D473C6AD8FEFC9FBA400183A /* Pods-SMLagamuwa-CoBScComp201p-007.release.xcconfig */ = {isa = PBXFileReference; includeInIndex = 1; lastKnownFileType = text.xcconfig; name = "Pods-SMLagamuwa-CoBScComp201p-007.release.xcconfig"; path = "Target Support Files/Pods-SMLagamuwa-CoBScComp201p-007/Pods-SMLagamuwa-CoBScComp201p-007.release.xcconfig"; sourceTree = "<group>"; };
		D50D9416C0E24F1D42AD9D13 /* Pods-SMLagamuwa-CoBScComp201p-007-SMLagamuwa-CoBScComp201p-007UITests.debug.xcconfig */ = {isa = PBXFileReference; includeInIndex = 1; lastKnownFileType = text.xcconfig; name = "Pods-SMLagamuwa-CoBScComp201p-007-SMLagamuwa-CoBScComp201p-007UITests.debug.xcconfig"; path = "Target Support Files/Pods-SMLagamuwa-CoBScComp201p-007-SMLagamuwa-CoBScComp201p-007UITests/Pods-SMLagamuwa-CoBScComp201p-007-SMLagamuwa-CoBScComp201p-007UITests.debug.xcconfig"; sourceTree = "<group>"; };
		E209A71A23088B0E211AAE87 /* Pods_SMLagamuwa_CoBScComp201p_007_SMLagamuwa_CoBScComp201p_007UITests.framework */ = {isa = PBXFileReference; explicitFileType = wrapper.framework; includeInIndex = 0; path = Pods_SMLagamuwa_CoBScComp201p_007_SMLagamuwa_CoBScComp201p_007UITests.framework; sourceTree = BUILT_PRODUCTS_DIR; };
		F0BCF1BDFD6020F8E2B7C07E /* Pods-SMLagamuwa-CoBScComp201p-007-SMLagamuwa-CoBScComp201p-007UITests.release.xcconfig */ = {isa = PBXFileReference; includeInIndex = 1; lastKnownFileType = text.xcconfig; name = "Pods-SMLagamuwa-CoBScComp201p-007-SMLagamuwa-CoBScComp201p-007UITests.release.xcconfig"; path = "Target Support Files/Pods-SMLagamuwa-CoBScComp201p-007-SMLagamuwa-CoBScComp201p-007UITests/Pods-SMLagamuwa-CoBScComp201p-007-SMLagamuwa-CoBScComp201p-007UITests.release.xcconfig"; sourceTree = "<group>"; };
		F13F0CA14079CCBA73210B41 /* Pods_SMLagamuwa_CoBScComp201p_007Tests.framework */ = {isa = PBXFileReference; explicitFileType = wrapper.framework; includeInIndex = 0; path = Pods_SMLagamuwa_CoBScComp201p_007Tests.framework; sourceTree = BUILT_PRODUCTS_DIR; };
		F414EC3953C3544F8991E25B /* Pods-SMLagamuwa-CoBScComp201p-007.debug.xcconfig */ = {isa = PBXFileReference; includeInIndex = 1; lastKnownFileType = text.xcconfig; name = "Pods-SMLagamuwa-CoBScComp201p-007.debug.xcconfig"; path = "Target Support Files/Pods-SMLagamuwa-CoBScComp201p-007/Pods-SMLagamuwa-CoBScComp201p-007.debug.xcconfig"; sourceTree = "<group>"; };
/* End PBXFileReference section */

/* Begin PBXFrameworksBuildPhase section */
		0B0AD8532726FAC400A4CD98 /* Frameworks */ = {
			isa = PBXFrameworksBuildPhase;
			buildActionMask = 2147483647;
			files = (
				E999FF70252701B9DD364FDF /* Pods_SMLagamuwa_CoBScComp201p_007.framework in Frameworks */,
			);
			runOnlyForDeploymentPostprocessing = 0;
		};
		0B0AD8642726FAC600A4CD98 /* Frameworks */ = {
			isa = PBXFrameworksBuildPhase;
			buildActionMask = 2147483647;
			files = (
				50554520A38850255BBAFCB0 /* Pods_SMLagamuwa_CoBScComp201p_007Tests.framework in Frameworks */,
			);
			runOnlyForDeploymentPostprocessing = 0;
		};
		0B0AD86F2726FAC600A4CD98 /* Frameworks */ = {
			isa = PBXFrameworksBuildPhase;
			buildActionMask = 2147483647;
			files = (
				D61D986F211FAFBF4ACF4498 /* Pods_SMLagamuwa_CoBScComp201p_007_SMLagamuwa_CoBScComp201p_007UITests.framework in Frameworks */,
			);
			runOnlyForDeploymentPostprocessing = 0;
		};
/* End PBXFrameworksBuildPhase section */

/* Begin PBXGroup section */
		0B0AD84D2726FAC400A4CD98 = {
			isa = PBXGroup;
			children = (
				33799019272A9A65009B34B7 /* LaunchScreen.storyboard */,
				0B0AD8582726FAC400A4CD98 /* SMLagamuwa-CoBScComp201p-007 */,
				0B0AD86A2726FAC600A4CD98 /* SMLagamuwa-CoBScComp201p-007Tests */,
				0B0AD8752726FAC600A4CD98 /* SMLagamuwa-CoBScComp201p-007UITests */,
				0B0AD8572726FAC400A4CD98 /* Products */,
				C279705083F71D771A7E4BD1 /* Pods */,
				5C6F7D13A082908AEEDBF14B /* Frameworks */,
			);
			sourceTree = "<group>";
		};
		0B0AD8572726FAC400A4CD98 /* Products */ = {
			isa = PBXGroup;
			children = (
				0B0AD8562726FAC400A4CD98 /* SMLagamuwa-CoBScComp201p-007.app */,
				0B0AD8672726FAC600A4CD98 /* SMLagamuwa-CoBScComp201p-007Tests.xctest */,
				0B0AD8722726FAC600A4CD98 /* SMLagamuwa-CoBScComp201p-007UITests.xctest */,
			);
			name = Products;
			sourceTree = "<group>";
		};
		0B0AD8582726FAC400A4CD98 /* SMLagamuwa-CoBScComp201p-007 */ = {
			isa = PBXGroup;
			children = (
				0BB6A0522727C3B7001BE507 /* ViewModels */,
				0BB6A0502727C397001BE507 /* Models */,
				0BB6A04F2727C37F001BE507 /* Views */,
				0B98649C272710C30040FF1B /* GoogleService-Info.plist */,
				0B0AD8592726FAC400A4CD98 /* SMLagamuwa_CoBScComp201p_007App.swift */,
				0B0AD85B2726FAC400A4CD98 /* ContentView.swift */,
				0B0AD85D2726FAC600A4CD98 /* Assets.xcassets */,
				0B0AD8622726FAC600A4CD98 /* Info.plist */,
				33F2D9E2272D7F2D006B49DB /* Data.swift */,
				0B0AD85F2726FAC600A4CD98 /* Preview Content */,
			);
			path = "SMLagamuwa-CoBScComp201p-007";
			sourceTree = "<group>";
		};
		0B0AD85F2726FAC600A4CD98 /* Preview Content */ = {
			isa = PBXGroup;
			children = (
				0B0AD8602726FAC600A4CD98 /* Preview Assets.xcassets */,
			);
			path = "Preview Content";
			sourceTree = "<group>";
		};
		0B0AD86A2726FAC600A4CD98 /* SMLagamuwa-CoBScComp201p-007Tests */ = {
			isa = PBXGroup;
			children = (
				0B0AD86B2726FAC600A4CD98 /* SMLagamuwa_CoBScComp201p_007Tests.swift */,
				0B0AD86D2726FAC600A4CD98 /* Info.plist */,
			);
			path = "SMLagamuwa-CoBScComp201p-007Tests";
			sourceTree = "<group>";
		};
		0B0AD8752726FAC600A4CD98 /* SMLagamuwa-CoBScComp201p-007UITests */ = {
			isa = PBXGroup;
			children = (
				0B0AD8762726FAC600A4CD98 /* SMLagamuwa_CoBScComp201p_007UITests.swift */,
				0B0AD8782726FAC600A4CD98 /* Info.plist */,
			);
			path = "SMLagamuwa-CoBScComp201p-007UITests";
			sourceTree = "<group>";
		};
		0BB6A04F2727C37F001BE507 /* Views */ = {
			isa = PBXGroup;
			children = (
				33F241E62734346A0000678A /* AvailableSlotsView.swift */,
				337177FA2733B09600AD629B /* SlotUnitView.swift */,
				334108A727363757007823A1 /* SignInView.swift */,
				334108A927364493007823A1 /* GreenLineTextView.swift */,
				33AC40382736BC4800B8F6A2 /* DefaultButtonTextView.swift */,
				33AC403A2736C7D600B8F6A2 /* BookingPageView.swift */,
			);
			path = Views;
			sourceTree = "<group>";
		};
		0BB6A0502727C397001BE507 /* Models */ = {
			isa = PBXGroup;
			children = (
				33F241EA2734351E0000678A /* SlotUnitStruct.swift */,
			);
			path = Models;
			sourceTree = "<group>";
		};
		0BB6A0522727C3B7001BE507 /* ViewModels */ = {
			isa = PBXGroup;
			children = (
				33F241EC2734356C0000678A /* AvailableSlotsViewModel.swift */,
				334108AB27364521007823A1 /* InputGreenLineStyle.swift */,
			);
			path = ViewModels;
			sourceTree = "<group>";
		};
		5C6F7D13A082908AEEDBF14B /* Frameworks */ = {
			isa = PBXGroup;
			children = (
				269BDE1530F1DF90C3546FA9 /* Pods_SMLagamuwa_CoBScComp201p_007.framework */,
				E209A71A23088B0E211AAE87 /* Pods_SMLagamuwa_CoBScComp201p_007_SMLagamuwa_CoBScComp201p_007UITests.framework */,
				F13F0CA14079CCBA73210B41 /* Pods_SMLagamuwa_CoBScComp201p_007Tests.framework */,
			);
			name = Frameworks;
			sourceTree = "<group>";
		};
		C279705083F71D771A7E4BD1 /* Pods */ = {
			isa = PBXGroup;
			children = (
				F414EC3953C3544F8991E25B /* Pods-SMLagamuwa-CoBScComp201p-007.debug.xcconfig */,
				D473C6AD8FEFC9FBA400183A /* Pods-SMLagamuwa-CoBScComp201p-007.release.xcconfig */,
				D50D9416C0E24F1D42AD9D13 /* Pods-SMLagamuwa-CoBScComp201p-007-SMLagamuwa-CoBScComp201p-007UITests.debug.xcconfig */,
				F0BCF1BDFD6020F8E2B7C07E /* Pods-SMLagamuwa-CoBScComp201p-007-SMLagamuwa-CoBScComp201p-007UITests.release.xcconfig */,
				9190196ED61078A5EA771158 /* Pods-SMLagamuwa-CoBScComp201p-007Tests.debug.xcconfig */,
				4318EE8BDD538BBBF1F12751 /* Pods-SMLagamuwa-CoBScComp201p-007Tests.release.xcconfig */,
			);
			path = Pods;
			sourceTree = "<group>";
		};
/* End PBXGroup section */

/* Begin PBXNativeTarget section */
		0B0AD8552726FAC400A4CD98 /* SMLagamuwa-CoBScComp201p-007 */ = {
			isa = PBXNativeTarget;
			buildConfigurationList = 0B0AD87B2726FAC600A4CD98 /* Build configuration list for PBXNativeTarget "SMLagamuwa-CoBScComp201p-007" */;
			buildPhases = (
				0785CBCED56ECD6B45FC5327 /* [CP] Check Pods Manifest.lock */,
				0B0AD8522726FAC400A4CD98 /* Sources */,
				0B0AD8532726FAC400A4CD98 /* Frameworks */,
				0B0AD8542726FAC400A4CD98 /* Resources */,
				54A8DF64CA62DC138D692A56 /* [CP] Embed Pods Frameworks */,
			);
			buildRules = (
			);
			dependencies = (
			);
			name = "SMLagamuwa-CoBScComp201p-007";
			productName = "SMLagamuwa-CoBScComp201p-007";
			productReference = 0B0AD8562726FAC400A4CD98 /* SMLagamuwa-CoBScComp201p-007.app */;
			productType = "com.apple.product-type.application";
		};
		0B0AD8662726FAC600A4CD98 /* SMLagamuwa-CoBScComp201p-007Tests */ = {
			isa = PBXNativeTarget;
			buildConfigurationList = 0B0AD87E2726FAC600A4CD98 /* Build configuration list for PBXNativeTarget "SMLagamuwa-CoBScComp201p-007Tests" */;
			buildPhases = (
				304845EC5FB22EFC4AE3DD41 /* [CP] Check Pods Manifest.lock */,
				0B0AD8632726FAC600A4CD98 /* Sources */,
				0B0AD8642726FAC600A4CD98 /* Frameworks */,
				0B0AD8652726FAC600A4CD98 /* Resources */,
			);
			buildRules = (
			);
			dependencies = (
				0B0AD8692726FAC600A4CD98 /* PBXTargetDependency */,
			);
			name = "SMLagamuwa-CoBScComp201p-007Tests";
			productName = "SMLagamuwa-CoBScComp201p-007Tests";
			productReference = 0B0AD8672726FAC600A4CD98 /* SMLagamuwa-CoBScComp201p-007Tests.xctest */;
			productType = "com.apple.product-type.bundle.unit-test";
		};
		0B0AD8712726FAC600A4CD98 /* SMLagamuwa-CoBScComp201p-007UITests */ = {
			isa = PBXNativeTarget;
			buildConfigurationList = 0B0AD8812726FAC600A4CD98 /* Build configuration list for PBXNativeTarget "SMLagamuwa-CoBScComp201p-007UITests" */;
			buildPhases = (
				B8D401C1B39C2986D597292C /* [CP] Check Pods Manifest.lock */,
				0B0AD86E2726FAC600A4CD98 /* Sources */,
				0B0AD86F2726FAC600A4CD98 /* Frameworks */,
				0B0AD8702726FAC600A4CD98 /* Resources */,
				7ECA574FF70DA6749806D3C5 /* [CP] Embed Pods Frameworks */,
			);
			buildRules = (
			);
			dependencies = (
				0B0AD8742726FAC600A4CD98 /* PBXTargetDependency */,
			);
			name = "SMLagamuwa-CoBScComp201p-007UITests";
			productName = "SMLagamuwa-CoBScComp201p-007UITests";
			productReference = 0B0AD8722726FAC600A4CD98 /* SMLagamuwa-CoBScComp201p-007UITests.xctest */;
			productType = "com.apple.product-type.bundle.ui-testing";
		};
/* End PBXNativeTarget section */

/* Begin PBXProject section */
		0B0AD84E2726FAC400A4CD98 /* Project object */ = {
			isa = PBXProject;
			attributes = {
				LastSwiftUpdateCheck = 1240;
				LastUpgradeCheck = 1240;
				TargetAttributes = {
					0B0AD8552726FAC400A4CD98 = {
						CreatedOnToolsVersion = 12.4;
					};
					0B0AD8662726FAC600A4CD98 = {
						CreatedOnToolsVersion = 12.4;
						TestTargetID = 0B0AD8552726FAC400A4CD98;
					};
					0B0AD8712726FAC600A4CD98 = {
						CreatedOnToolsVersion = 12.4;
						TestTargetID = 0B0AD8552726FAC400A4CD98;
					};
				};
			};
			buildConfigurationList = 0B0AD8512726FAC400A4CD98 /* Build configuration list for PBXProject "SMLagamuwa-CoBScComp201p-007" */;
			compatibilityVersion = "Xcode 9.3";
			developmentRegion = en;
			hasScannedForEncodings = 0;
			knownRegions = (
				en,
				Base,
			);
			mainGroup = 0B0AD84D2726FAC400A4CD98;
			productRefGroup = 0B0AD8572726FAC400A4CD98 /* Products */;
			projectDirPath = "";
			projectRoot = "";
			targets = (
				0B0AD8552726FAC400A4CD98 /* SMLagamuwa-CoBScComp201p-007 */,
				0B0AD8662726FAC600A4CD98 /* SMLagamuwa-CoBScComp201p-007Tests */,
				0B0AD8712726FAC600A4CD98 /* SMLagamuwa-CoBScComp201p-007UITests */,
			);
		};
/* End PBXProject section */

/* Begin PBXResourcesBuildPhase section */
		0B0AD8542726FAC400A4CD98 /* Resources */ = {
			isa = PBXResourcesBuildPhase;
			buildActionMask = 2147483647;
			files = (
				0B0AD8612726FAC600A4CD98 /* Preview Assets.xcassets in Resources */,
				3379901A272A9A65009B34B7 /* LaunchScreen.storyboard in Resources */,
				0B0AD85E2726FAC600A4CD98 /* Assets.xcassets in Resources */,
				0B98649D272710C30040FF1B /* GoogleService-Info.plist in Resources */,
			);
			runOnlyForDeploymentPostprocessing = 0;
		};
		0B0AD8652726FAC600A4CD98 /* Resources */ = {
			isa = PBXResourcesBuildPhase;
			buildActionMask = 2147483647;
			files = (
			);
			runOnlyForDeploymentPostprocessing = 0;
		};
		0B0AD8702726FAC600A4CD98 /* Resources */ = {
			isa = PBXResourcesBuildPhase;
			buildActionMask = 2147483647;
			files = (
			);
			runOnlyForDeploymentPostprocessing = 0;
		};
/* End PBXResourcesBuildPhase section */

/* Begin PBXShellScriptBuildPhase section */
		0785CBCED56ECD6B45FC5327 /* [CP] Check Pods Manifest.lock */ = {
			isa = PBXShellScriptBuildPhase;
			buildActionMask = 2147483647;
			files = (
			);
			inputFileListPaths = (
			);
			inputPaths = (
				"${PODS_PODFILE_DIR_PATH}/Podfile.lock",
				"${PODS_ROOT}/Manifest.lock",
			);
			name = "[CP] Check Pods Manifest.lock";
			outputFileListPaths = (
			);
			outputPaths = (
				"$(DERIVED_FILE_DIR)/Pods-SMLagamuwa-CoBScComp201p-007-checkManifestLockResult.txt",
			);
			runOnlyForDeploymentPostprocessing = 0;
			shellPath = /bin/sh;
			shellScript = "diff \"${PODS_PODFILE_DIR_PATH}/Podfile.lock\" \"${PODS_ROOT}/Manifest.lock\" > /dev/null\nif [ $? != 0 ] ; then\n    # print error to STDERR\n    echo \"error: The sandbox is not in sync with the Podfile.lock. Run 'pod install' or update your CocoaPods installation.\" >&2\n    exit 1\nfi\n# This output is used by Xcode 'outputs' to avoid re-running this script phase.\necho \"SUCCESS\" > \"${SCRIPT_OUTPUT_FILE_0}\"\n";
			showEnvVarsInLog = 0;
		};
		304845EC5FB22EFC4AE3DD41 /* [CP] Check Pods Manifest.lock */ = {
			isa = PBXShellScriptBuildPhase;
			buildActionMask = 2147483647;
			files = (
			);
			inputFileListPaths = (
			);
			inputPaths = (
				"${PODS_PODFILE_DIR_PATH}/Podfile.lock",
				"${PODS_ROOT}/Manifest.lock",
			);
			name = "[CP] Check Pods Manifest.lock";
			outputFileListPaths = (
			);
			outputPaths = (
				"$(DERIVED_FILE_DIR)/Pods-SMLagamuwa-CoBScComp201p-007Tests-checkManifestLockResult.txt",
			);
			runOnlyForDeploymentPostprocessing = 0;
			shellPath = /bin/sh;
			shellScript = "diff \"${PODS_PODFILE_DIR_PATH}/Podfile.lock\" \"${PODS_ROOT}/Manifest.lock\" > /dev/null\nif [ $? != 0 ] ; then\n    # print error to STDERR\n    echo \"error: The sandbox is not in sync with the Podfile.lock. Run 'pod install' or update your CocoaPods installation.\" >&2\n    exit 1\nfi\n# This output is used by Xcode 'outputs' to avoid re-running this script phase.\necho \"SUCCESS\" > \"${SCRIPT_OUTPUT_FILE_0}\"\n";
			showEnvVarsInLog = 0;
		};
		54A8DF64CA62DC138D692A56 /* [CP] Embed Pods Frameworks */ = {
			isa = PBXShellScriptBuildPhase;
			buildActionMask = 2147483647;
			files = (
			);
			inputFileListPaths = (
				"${PODS_ROOT}/Target Support Files/Pods-SMLagamuwa-CoBScComp201p-007/Pods-SMLagamuwa-CoBScComp201p-007-frameworks-${CONFIGURATION}-input-files.xcfilelist",
			);
			name = "[CP] Embed Pods Frameworks";
			outputFileListPaths = (
				"${PODS_ROOT}/Target Support Files/Pods-SMLagamuwa-CoBScComp201p-007/Pods-SMLagamuwa-CoBScComp201p-007-frameworks-${CONFIGURATION}-output-files.xcfilelist",
			);
			runOnlyForDeploymentPostprocessing = 0;
			shellPath = /bin/sh;
			shellScript = "\"${PODS_ROOT}/Target Support Files/Pods-SMLagamuwa-CoBScComp201p-007/Pods-SMLagamuwa-CoBScComp201p-007-frameworks.sh\"\n";
			showEnvVarsInLog = 0;
		};
		7ECA574FF70DA6749806D3C5 /* [CP] Embed Pods Frameworks */ = {
			isa = PBXShellScriptBuildPhase;
			buildActionMask = 2147483647;
			files = (
			);
			inputFileListPaths = (
				"${PODS_ROOT}/Target Support Files/Pods-SMLagamuwa-CoBScComp201p-007-SMLagamuwa-CoBScComp201p-007UITests/Pods-SMLagamuwa-CoBScComp201p-007-SMLagamuwa-CoBScComp201p-007UITests-frameworks-${CONFIGURATION}-input-files.xcfilelist",
			);
			name = "[CP] Embed Pods Frameworks";
			outputFileListPaths = (
				"${PODS_ROOT}/Target Support Files/Pods-SMLagamuwa-CoBScComp201p-007-SMLagamuwa-CoBScComp201p-007UITests/Pods-SMLagamuwa-CoBScComp201p-007-SMLagamuwa-CoBScComp201p-007UITests-frameworks-${CONFIGURATION}-output-files.xcfilelist",
			);
			runOnlyForDeploymentPostprocessing = 0;
			shellPath = /bin/sh;
			shellScript = "\"${PODS_ROOT}/Target Support Files/Pods-SMLagamuwa-CoBScComp201p-007-SMLagamuwa-CoBScComp201p-007UITests/Pods-SMLagamuwa-CoBScComp201p-007-SMLagamuwa-CoBScComp201p-007UITests-frameworks.sh\"\n";
			showEnvVarsInLog = 0;
		};
		B8D401C1B39C2986D597292C /* [CP] Check Pods Manifest.lock */ = {
			isa = PBXShellScriptBuildPhase;
			buildActionMask = 2147483647;
			files = (
			);
			inputFileListPaths = (
			);
			inputPaths = (
				"${PODS_PODFILE_DIR_PATH}/Podfile.lock",
				"${PODS_ROOT}/Manifest.lock",
			);
			name = "[CP] Check Pods Manifest.lock";
			outputFileListPaths = (
			);
			outputPaths = (
				"$(DERIVED_FILE_DIR)/Pods-SMLagamuwa-CoBScComp201p-007-SMLagamuwa-CoBScComp201p-007UITests-checkManifestLockResult.txt",
			);
			runOnlyForDeploymentPostprocessing = 0;
			shellPath = /bin/sh;
			shellScript = "diff \"${PODS_PODFILE_DIR_PATH}/Podfile.lock\" \"${PODS_ROOT}/Manifest.lock\" > /dev/null\nif [ $? != 0 ] ; then\n    # print error to STDERR\n    echo \"error: The sandbox is not in sync with the Podfile.lock. Run 'pod install' or update your CocoaPods installation.\" >&2\n    exit 1\nfi\n# This output is used by Xcode 'outputs' to avoid re-running this script phase.\necho \"SUCCESS\" > \"${SCRIPT_OUTPUT_FILE_0}\"\n";
			showEnvVarsInLog = 0;
		};
/* End PBXShellScriptBuildPhase section */

/* Begin PBXSourcesBuildPhase section */
		0B0AD8522726FAC400A4CD98 /* Sources */ = {
			isa = PBXSourcesBuildPhase;
			buildActionMask = 2147483647;
			files = (
				334108AC27364521007823A1 /* InputGreenLineStyle.swift in Sources */,
				33F2D9E3272D7F2D006B49DB /* Data.swift in Sources */,
				33AC40392736BC4800B8F6A2 /* DefaultButtonTextView.swift in Sources */,
				337177FB2733B09600AD629B /* SlotUnitView.swift in Sources */,
				33F241EB2734351E0000678A /* SlotUnitStruct.swift in Sources */,
				33AC403B2736C7D600B8F6A2 /* BookingPageView.swift in Sources */,
				334108AA27364493007823A1 /* GreenLineTextView.swift in Sources */,
				0B0AD85C2726FAC400A4CD98 /* ContentView.swift in Sources */,
				33F241ED2734356C0000678A /* AvailableSlotsViewModel.swift in Sources */,
				0B0AD85A2726FAC400A4CD98 /* SMLagamuwa_CoBScComp201p_007App.swift in Sources */,
				334108A827363757007823A1 /* SignInView.swift in Sources */,
				33F241E72734346A0000678A /* AvailableSlotsView.swift in Sources */,
			);
			runOnlyForDeploymentPostprocessing = 0;
		};
		0B0AD8632726FAC600A4CD98 /* Sources */ = {
			isa = PBXSourcesBuildPhase;
			buildActionMask = 2147483647;
			files = (
				0B0AD86C2726FAC600A4CD98 /* SMLagamuwa_CoBScComp201p_007Tests.swift in Sources */,
			);
			runOnlyForDeploymentPostprocessing = 0;
		};
		0B0AD86E2726FAC600A4CD98 /* Sources */ = {
			isa = PBXSourcesBuildPhase;
			buildActionMask = 2147483647;
			files = (
				0B0AD8772726FAC600A4CD98 /* SMLagamuwa_CoBScComp201p_007UITests.swift in Sources */,
			);
			runOnlyForDeploymentPostprocessing = 0;
		};
/* End PBXSourcesBuildPhase section */

/* Begin PBXTargetDependency section */
		0B0AD8692726FAC600A4CD98 /* PBXTargetDependency */ = {
			isa = PBXTargetDependency;
			target = 0B0AD8552726FAC400A4CD98 /* SMLagamuwa-CoBScComp201p-007 */;
			targetProxy = 0B0AD8682726FAC600A4CD98 /* PBXContainerItemProxy */;
		};
		0B0AD8742726FAC600A4CD98 /* PBXTargetDependency */ = {
			isa = PBXTargetDependency;
			target = 0B0AD8552726FAC400A4CD98 /* SMLagamuwa-CoBScComp201p-007 */;
			targetProxy = 0B0AD8732726FAC600A4CD98 /* PBXContainerItemProxy */;
		};
/* End PBXTargetDependency section */

/* Begin XCBuildConfiguration section */
		0B0AD8792726FAC600A4CD98 /* Debug */ = {
			isa = XCBuildConfiguration;
			buildSettings = {
				ALWAYS_SEARCH_USER_PATHS = NO;
				CLANG_ANALYZER_NONNULL = YES;
				CLANG_ANALYZER_NUMBER_OBJECT_CONVERSION = YES_AGGRESSIVE;
				CLANG_CXX_LANGUAGE_STANDARD = "gnu++14";
				CLANG_CXX_LIBRARY = "libc++";
				CLANG_ENABLE_MODULES = YES;
				CLANG_ENABLE_OBJC_ARC = YES;
				CLANG_ENABLE_OBJC_WEAK = YES;
				CLANG_WARN_BLOCK_CAPTURE_AUTORELEASING = YES;
				CLANG_WARN_BOOL_CONVERSION = YES;
				CLANG_WARN_COMMA = YES;
				CLANG_WARN_CONSTANT_CONVERSION = YES;
				CLANG_WARN_DEPRECATED_OBJC_IMPLEMENTATIONS = YES;
				CLANG_WARN_DIRECT_OBJC_ISA_USAGE = YES_ERROR;
				CLANG_WARN_DOCUMENTATION_COMMENTS = YES;
				CLANG_WARN_EMPTY_BODY = YES;
				CLANG_WARN_ENUM_CONVERSION = YES;
				CLANG_WARN_INFINITE_RECURSION = YES;
				CLANG_WARN_INT_CONVERSION = YES;
				CLANG_WARN_NON_LITERAL_NULL_CONVERSION = YES;
				CLANG_WARN_OBJC_IMPLICIT_RETAIN_SELF = YES;
				CLANG_WARN_OBJC_LITERAL_CONVERSION = YES;
				CLANG_WARN_OBJC_ROOT_CLASS = YES_ERROR;
				CLANG_WARN_QUOTED_INCLUDE_IN_FRAMEWORK_HEADER = YES;
				CLANG_WARN_RANGE_LOOP_ANALYSIS = YES;
				CLANG_WARN_STRICT_PROTOTYPES = YES;
				CLANG_WARN_SUSPICIOUS_MOVE = YES;
				CLANG_WARN_UNGUARDED_AVAILABILITY = YES_AGGRESSIVE;
				CLANG_WARN_UNREACHABLE_CODE = YES;
				CLANG_WARN__DUPLICATE_METHOD_MATCH = YES;
				COPY_PHASE_STRIP = NO;
				DEBUG_INFORMATION_FORMAT = dwarf;
				ENABLE_STRICT_OBJC_MSGSEND = YES;
				ENABLE_TESTABILITY = YES;
				GCC_C_LANGUAGE_STANDARD = gnu11;
				GCC_DYNAMIC_NO_PIC = NO;
				GCC_NO_COMMON_BLOCKS = YES;
				GCC_OPTIMIZATION_LEVEL = 0;
				GCC_PREPROCESSOR_DEFINITIONS = (
					"DEBUG=1",
					"$(inherited)",
				);
				GCC_WARN_64_TO_32_BIT_CONVERSION = YES;
				GCC_WARN_ABOUT_RETURN_TYPE = YES_ERROR;
				GCC_WARN_UNDECLARED_SELECTOR = YES;
				GCC_WARN_UNINITIALIZED_AUTOS = YES_AGGRESSIVE;
				GCC_WARN_UNUSED_FUNCTION = YES;
				GCC_WARN_UNUSED_VARIABLE = YES;
				IPHONEOS_DEPLOYMENT_TARGET = 14.4;
				MTL_ENABLE_DEBUG_INFO = INCLUDE_SOURCE;
				MTL_FAST_MATH = YES;
				ONLY_ACTIVE_ARCH = YES;
				SDKROOT = iphoneos;
				SWIFT_ACTIVE_COMPILATION_CONDITIONS = DEBUG;
				SWIFT_OPTIMIZATION_LEVEL = "-Onone";
			};
			name = Debug;
		};
		0B0AD87A2726FAC600A4CD98 /* Release */ = {
			isa = XCBuildConfiguration;
			buildSettings = {
				ALWAYS_SEARCH_USER_PATHS = NO;
				CLANG_ANALYZER_NONNULL = YES;
				CLANG_ANALYZER_NUMBER_OBJECT_CONVERSION = YES_AGGRESSIVE;
				CLANG_CXX_LANGUAGE_STANDARD = "gnu++14";
				CLANG_CXX_LIBRARY = "libc++";
				CLANG_ENABLE_MODULES = YES;
				CLANG_ENABLE_OBJC_ARC = YES;
				CLANG_ENABLE_OBJC_WEAK = YES;
				CLANG_WARN_BLOCK_CAPTURE_AUTORELEASING = YES;
				CLANG_WARN_BOOL_CONVERSION = YES;
				CLANG_WARN_COMMA = YES;
				CLANG_WARN_CONSTANT_CONVERSION = YES;
				CLANG_WARN_DEPRECATED_OBJC_IMPLEMENTATIONS = YES;
				CLANG_WARN_DIRECT_OBJC_ISA_USAGE = YES_ERROR;
				CLANG_WARN_DOCUMENTATION_COMMENTS = YES;
				CLANG_WARN_EMPTY_BODY = YES;
				CLANG_WARN_ENUM_CONVERSION = YES;
				CLANG_WARN_INFINITE_RECURSION = YES;
				CLANG_WARN_INT_CONVERSION = YES;
				CLANG_WARN_NON_LITERAL_NULL_CONVERSION = YES;
				CLANG_WARN_OBJC_IMPLICIT_RETAIN_SELF = YES;
				CLANG_WARN_OBJC_LITERAL_CONVERSION = YES;
				CLANG_WARN_OBJC_ROOT_CLASS = YES_ERROR;
				CLANG_WARN_QUOTED_INCLUDE_IN_FRAMEWORK_HEADER = YES;
				CLANG_WARN_RANGE_LOOP_ANALYSIS = YES;
				CLANG_WARN_STRICT_PROTOTYPES = YES;
				CLANG_WARN_SUSPICIOUS_MOVE = YES;
				CLANG_WARN_UNGUARDED_AVAILABILITY = YES_AGGRESSIVE;
				CLANG_WARN_UNREACHABLE_CODE = YES;
				CLANG_WARN__DUPLICATE_METHOD_MATCH = YES;
				COPY_PHASE_STRIP = NO;
				DEBUG_INFORMATION_FORMAT = "dwarf-with-dsym";
				ENABLE_NS_ASSERTIONS = NO;
				ENABLE_STRICT_OBJC_MSGSEND = YES;
				GCC_C_LANGUAGE_STANDARD = gnu11;
				GCC_NO_COMMON_BLOCKS = YES;
				GCC_WARN_64_TO_32_BIT_CONVERSION = YES;
				GCC_WARN_ABOUT_RETURN_TYPE = YES_ERROR;
				GCC_WARN_UNDECLARED_SELECTOR = YES;
				GCC_WARN_UNINITIALIZED_AUTOS = YES_AGGRESSIVE;
				GCC_WARN_UNUSED_FUNCTION = YES;
				GCC_WARN_UNUSED_VARIABLE = YES;
				IPHONEOS_DEPLOYMENT_TARGET = 14.4;
				MTL_ENABLE_DEBUG_INFO = NO;
				MTL_FAST_MATH = YES;
				SDKROOT = iphoneos;
				SWIFT_COMPILATION_MODE = wholemodule;
				SWIFT_OPTIMIZATION_LEVEL = "-O";
				VALIDATE_PRODUCT = YES;
			};
			name = Release;
		};
		0B0AD87C2726FAC600A4CD98 /* Debug */ = {
			isa = XCBuildConfiguration;
			baseConfigurationReference = F414EC3953C3544F8991E25B /* Pods-SMLagamuwa-CoBScComp201p-007.debug.xcconfig */;
			buildSettings = {
				ASSETCATALOG_COMPILER_APPICON_NAME = AppIcon;
				ASSETCATALOG_COMPILER_GLOBAL_ACCENT_COLOR_NAME = AccentColor;
				CODE_SIGN_STYLE = Automatic;
				DEVELOPMENT_ASSET_PATHS = "\"SMLagamuwa-CoBScComp201p-007/Preview Content\"";
				DEVELOPMENT_TEAM = FPN369L6V4;
				ENABLE_PREVIEWS = YES;
				INFOPLIST_FILE = "SMLagamuwa-CoBScComp201p-007/Info.plist";
				IPHONEOS_DEPLOYMENT_TARGET = 14.0;
				LD_RUNPATH_SEARCH_PATHS = (
					"$(inherited)",
					"@executable_path/Frameworks",
				);
				PRODUCT_BUNDLE_IDENTIFIER = "lk.cobsccomp201p007.SMLagamuwa-CoBScComp201p-007";
				PRODUCT_NAME = "$(TARGET_NAME)";
				SWIFT_VERSION = 5.0;
				TARGETED_DEVICE_FAMILY = "1,2";
			};
			name = Debug;
		};
		0B0AD87D2726FAC600A4CD98 /* Release */ = {
			isa = XCBuildConfiguration;
			baseConfigurationReference = D473C6AD8FEFC9FBA400183A /* Pods-SMLagamuwa-CoBScComp201p-007.release.xcconfig */;
			buildSettings = {
				ASSETCATALOG_COMPILER_APPICON_NAME = AppIcon;
				ASSETCATALOG_COMPILER_GLOBAL_ACCENT_COLOR_NAME = AccentColor;
				CODE_SIGN_STYLE = Automatic;
				DEVELOPMENT_ASSET_PATHS = "\"SMLagamuwa-CoBScComp201p-007/Preview Content\"";
				DEVELOPMENT_TEAM = FPN369L6V4;
				ENABLE_PREVIEWS = YES;
				INFOPLIST_FILE = "SMLagamuwa-CoBScComp201p-007/Info.plist";
				IPHONEOS_DEPLOYMENT_TARGET = 14.0;
				LD_RUNPATH_SEARCH_PATHS = (
					"$(inherited)",
					"@executable_path/Frameworks",
				);
				PRODUCT_BUNDLE_IDENTIFIER = "lk.cobsccomp201p007.SMLagamuwa-CoBScComp201p-007";
				PRODUCT_NAME = "$(TARGET_NAME)";
				SWIFT_VERSION = 5.0;
				TARGETED_DEVICE_FAMILY = "1,2";
			};
			name = Release;
		};
		0B0AD87F2726FAC600A4CD98 /* Debug */ = {
			isa = XCBuildConfiguration;
			baseConfigurationReference = 9190196ED61078A5EA771158 /* Pods-SMLagamuwa-CoBScComp201p-007Tests.debug.xcconfig */;
			buildSettings = {
				ALWAYS_EMBED_SWIFT_STANDARD_LIBRARIES = YES;
				BUNDLE_LOADER = "$(TEST_HOST)";
				CODE_SIGN_STYLE = Automatic;
				DEVELOPMENT_TEAM = FPN369L6V4;
				INFOPLIST_FILE = "SMLagamuwa-CoBScComp201p-007Tests/Info.plist";
				IPHONEOS_DEPLOYMENT_TARGET = 14.0;
				LD_RUNPATH_SEARCH_PATHS = (
					"$(inherited)",
					"@executable_path/Frameworks",
					"@loader_path/Frameworks",
				);
				PRODUCT_BUNDLE_IDENTIFIER = "lk.cobsccomp201p007.SMLagamuwa-CoBScComp201p-007Tests";
				PRODUCT_NAME = "$(TARGET_NAME)";
				SWIFT_VERSION = 5.0;
				TARGETED_DEVICE_FAMILY = "1,2";
				TEST_HOST = "$(BUILT_PRODUCTS_DIR)/SMLagamuwa-CoBScComp201p-007.app/SMLagamuwa-CoBScComp201p-007";
			};
			name = Debug;
		};
		0B0AD8802726FAC600A4CD98 /* Release */ = {
			isa = XCBuildConfiguration;
			baseConfigurationReference = 4318EE8BDD538BBBF1F12751 /* Pods-SMLagamuwa-CoBScComp201p-007Tests.release.xcconfig */;
			buildSettings = {
				ALWAYS_EMBED_SWIFT_STANDARD_LIBRARIES = YES;
				BUNDLE_LOADER = "$(TEST_HOST)";
				CODE_SIGN_STYLE = Automatic;
				DEVELOPMENT_TEAM = FPN369L6V4;
				INFOPLIST_FILE = "SMLagamuwa-CoBScComp201p-007Tests/Info.plist";
				IPHONEOS_DEPLOYMENT_TARGET = 14.0;
				LD_RUNPATH_SEARCH_PATHS = (
					"$(inherited)",
					"@executable_path/Frameworks",
					"@loader_path/Frameworks",
				);
				PRODUCT_BUNDLE_IDENTIFIER = "lk.cobsccomp201p007.SMLagamuwa-CoBScComp201p-007Tests";
				PRODUCT_NAME = "$(TARGET_NAME)";
				SWIFT_VERSION = 5.0;
				TARGETED_DEVICE_FAMILY = "1,2";
				TEST_HOST = "$(BUILT_PRODUCTS_DIR)/SMLagamuwa-CoBScComp201p-007.app/SMLagamuwa-CoBScComp201p-007";
			};
			name = Release;
		};
		0B0AD8822726FAC600A4CD98 /* Debug */ = {
			isa = XCBuildConfiguration;
			baseConfigurationReference = D50D9416C0E24F1D42AD9D13 /* Pods-SMLagamuwa-CoBScComp201p-007-SMLagamuwa-CoBScComp201p-007UITests.debug.xcconfig */;
			buildSettings = {
				ALWAYS_EMBED_SWIFT_STANDARD_LIBRARIES = YES;
				CODE_SIGN_STYLE = Automatic;
				DEVELOPMENT_TEAM = FPN369L6V4;
				INFOPLIST_FILE = "SMLagamuwa-CoBScComp201p-007UITests/Info.plist";
				LD_RUNPATH_SEARCH_PATHS = (
					"$(inherited)",
					"@executable_path/Frameworks",
					"@loader_path/Frameworks",
				);
				PRODUCT_BUNDLE_IDENTIFIER = "lk.cobsccomp201p007.SMLagamuwa-CoBScComp201p-007UITests";
				PRODUCT_NAME = "$(TARGET_NAME)";
				SWIFT_VERSION = 5.0;
				TARGETED_DEVICE_FAMILY = "1,2";
				TEST_TARGET_NAME = "SMLagamuwa-CoBScComp201p-007";
			};
			name = Debug;
		};
		0B0AD8832726FAC600A4CD98 /* Release */ = {
			isa = XCBuildConfiguration;
			baseConfigurationReference = F0BCF1BDFD6020F8E2B7C07E /* Pods-SMLagamuwa-CoBScComp201p-007-SMLagamuwa-CoBScComp201p-007UITests.release.xcconfig */;
			buildSettings = {
				ALWAYS_EMBED_SWIFT_STANDARD_LIBRARIES = YES;
				CODE_SIGN_STYLE = Automatic;
				DEVELOPMENT_TEAM = FPN369L6V4;
				INFOPLIST_FILE = "SMLagamuwa-CoBScComp201p-007UITests/Info.plist";
				LD_RUNPATH_SEARCH_PATHS = (
					"$(inherited)",
					"@executable_path/Frameworks",
					"@loader_path/Frameworks",
				);
				PRODUCT_BUNDLE_IDENTIFIER = "lk.cobsccomp201p007.SMLagamuwa-CoBScComp201p-007UITests";
				PRODUCT_NAME = "$(TARGET_NAME)";
				SWIFT_VERSION = 5.0;
				TARGETED_DEVICE_FAMILY = "1,2";
				TEST_TARGET_NAME = "SMLagamuwa-CoBScComp201p-007";
			};
			name = Release;
		};
/* End XCBuildConfiguration section */

/* Begin XCConfigurationList section */
		0B0AD8512726FAC400A4CD98 /* Build configuration list for PBXProject "SMLagamuwa-CoBScComp201p-007" */ = {
			isa = XCConfigurationList;
			buildConfigurations = (
				0B0AD8792726FAC600A4CD98 /* Debug */,
				0B0AD87A2726FAC600A4CD98 /* Release */,
			);
			defaultConfigurationIsVisible = 0;
			defaultConfigurationName = Release;
		};
		0B0AD87B2726FAC600A4CD98 /* Build configuration list for PBXNativeTarget "SMLagamuwa-CoBScComp201p-007" */ = {
			isa = XCConfigurationList;
			buildConfigurations = (
				0B0AD87C2726FAC600A4CD98 /* Debug */,
				0B0AD87D2726FAC600A4CD98 /* Release */,
			);
			defaultConfigurationIsVisible = 0;
			defaultConfigurationName = Release;
		};
		0B0AD87E2726FAC600A4CD98 /* Build configuration list for PBXNativeTarget "SMLagamuwa-CoBScComp201p-007Tests" */ = {
			isa = XCConfigurationList;
			buildConfigurations = (
				0B0AD87F2726FAC600A4CD98 /* Debug */,
				0B0AD8802726FAC600A4CD98 /* Release */,
			);
			defaultConfigurationIsVisible = 0;
			defaultConfigurationName = Release;
		};
		0B0AD8812726FAC600A4CD98 /* Build configuration list for PBXNativeTarget "SMLagamuwa-CoBScComp201p-007UITests" */ = {
			isa = XCConfigurationList;
			buildConfigurations = (
				0B0AD8822726FAC600A4CD98 /* Debug */,
				0B0AD8832726FAC600A4CD98 /* Release */,
			);
			defaultConfigurationIsVisible = 0;
			defaultConfigurationName = Release;
		};
/* End XCConfigurationList section */
	};
	rootObject = 0B0AD84E2726FAC400A4CD98 /* Project object */;
}
